
Microsoft Visual Studio Solution File, Format Version 12.00
# Visual Studio 15
VisualStudioVersion = 15.0.28307.438
MinimumVisualStudioVersion = 10.0.40219.1
Project("{8BC9CEB8-8B4A-11D0-8D11-00A0C91BC942}") = "container", "container\container.vcxproj", "{E2D6A928-FBAF-4937-AA84-552152796209}"
EndProject
Global
	GlobalSection(SolutionConfigurationPlatforms) = preSolution
		Debug|x64 = Debug|x64
		Debug|x86 = Debug|x86
		Release|x64 = Release|x64
		Release|x86 = Release|x86
	EndGlobalSection
	GlobalSection(ProjectConfigurationPlatforms) = postSolution
		{E2D6A928-FBAF-4937-AA84-552152796209}.Debug|x64.ActiveCfg = Debug|x64
		{E2D6A928-FBAF-4937-AA84-552152796209}.Debug|x64.Build.0 = Debug|x64
		{E2D6A928-FBAF-4937-AA84-552152796209}.Debug|x86.ActiveCfg = Debug|Win32
		{E2D6A928-FBAF-4937-AA84-552152796209}.Debug|x86.Build.0 = Debug|Win32
		{E2D6A928-FBAF-4937-AA84-552152796209}.Release|x64.ActiveCfg = Release|x64
		{E2D6A928-FBAF-4937-AA84-552152796209}.Release|x64.Build.0 = Release|x64
		{E2D6A928-FBAF-4937-AA84-552152796209}.Release|x86.ActiveCfg = Release|Win32
		{E2D6A928-FBAF-4937-AA84-552152796209}.Release|x86.Build.0 = Release|Win32
	EndGlobalSection
	GlobalSection(SolutionProperties) = preSolution
		HideSolutionNode = FALSE
	EndGlobalSection
	GlobalSection(ExtensibilityGlobals) = postSolution
		SolutionGuid = {19764847-404C-48A5-B6C6-44952FB782EA}
	EndGlobalSection
EndGlobal
