
Microsoft Visual Studio Solution File, Format Version 12.00
# Visual Studio 15
VisualStudioVersion = 15.0.28307.438
MinimumVisualStudioVersion = 10.0.40219.1
Project("{8BC9CEB8-8B4A-11D0-8D11-00A0C91BC942}") = "Singleton", "Singleton\Singleton.vcxproj", "{6BC7BD6F-0BD3-41E0-9AA3-FA1303546AF5}"
EndProject
Global
	GlobalSection(SolutionConfigurationPlatforms) = preSolution
		Debug|x64 = Debug|x64
		Debug|x86 = Debug|x86
		Release|x64 = Release|x64
		Release|x86 = Release|x86
	EndGlobalSection
	GlobalSection(ProjectConfigurationPlatforms) = postSolution
		{6BC7BD6F-0BD3-41E0-9AA3-FA1303546AF5}.Debug|x64.ActiveCfg = Debug|x64
		{6BC7BD6F-0BD3-41E0-9AA3-FA1303546AF5}.Debug|x64.Build.0 = Debug|x64
		{6BC7BD6F-0BD3-41E0-9AA3-FA1303546AF5}.Debug|x86.ActiveCfg = Debug|Win32
		{6BC7BD6F-0BD3-41E0-9AA3-FA1303546AF5}.Debug|x86.Build.0 = Debug|Win32
		{6BC7BD6F-0BD3-41E0-9AA3-FA1303546AF5}.Release|x64.ActiveCfg = Release|x64
		{6BC7BD6F-0BD3-41E0-9AA3-FA1303546AF5}.Release|x64.Build.0 = Release|x64
		{6BC7BD6F-0BD3-41E0-9AA3-FA1303546AF5}.Release|x86.ActiveCfg = Release|Win32
		{6BC7BD6F-0BD3-41E0-9AA3-FA1303546AF5}.Release|x86.Build.0 = Release|Win32
	EndGlobalSection
	GlobalSection(SolutionProperties) = preSolution
		HideSolutionNode = FALSE
	EndGlobalSection
	GlobalSection(ExtensibilityGlobals) = postSolution
		SolutionGuid = {05AF3140-37D5-4141-BE5A-1D8B084E3FAB}
	EndGlobalSection
EndGlobal
