<?xml version="1.0" encoding="utf-8"?>
<Project ToolsVersion="4.0" xmlns="http://schemas.microsoft.com/developer/msbuild/2003">
  <ItemGroup>
    <Filter Include="소스 파일">
      <UniqueIdentifier>{4FC737F1-C7A5-4376-A066-2A32D752A2FF}</UniqueIdentifier>
      <Extensions>cpp;c;cc;cxx;def;odl;idl;hpj;bat;asm;asmx</Extensions>
    </Filter>
    <Filter Include="헤더 파일">
      <UniqueIdentifier>{93995380-89BD-4b04-88EB-625FBE52EBFB}</UniqueIdentifier>
      <Extensions>h;hh;hpp;hxx;hm;inl;inc;ipp;xsd</Extensions>
    </Filter>
    <Filter Include="리소스 파일">
      <UniqueIdentifier>{67DA6AB6-F800-4c08-8B7A-83BB121AAD01}</UniqueIdentifier>
      <Extensions>rc;ico;cur;bmp;dlg;rc2;rct;bin;rgs;gif;jpg;jpeg;jpe;resx;tiff;tif;png;wav;mfcribbon-ms</Extensions>
    </Filter>
  </ItemGroup>
  <ItemGroup>
    <ClCompile Include="main.cpp">
      <Filter>소스 파일</Filter>
    </ClCompile>
    <ClCompile Include="Inventory.cpp">
      <Filter>소스 파일</Filter>
    </ClCompile>
    <ClCompile Include="Item.cpp">
      <Filter>소스 파일</Filter>
    </ClCompile>
    <ClCompile Include="Statistics.cpp">
      <Filter>소스 파일</Filter>
    </ClCompile>
    <ClCompile Include="Money.cpp">
      <Filter>소스 파일</Filter>
    </ClCompile>
    <ClCompile Include="Shop.cpp">
      <Filter>소스 파일</Filter>
    </ClCompile>
    <ClCompile Include="HpPotion.cpp">
      <Filter>소스 파일</Filter>
    </ClCompile>
    <ClCompile Include="MpPotion.cpp">
      <Filter>소스 파일</Filter>
    </ClCompile>
    <ClCompile Include="ArmorSuit.cpp">
      <Filter>소스 파일</Filter>
    </ClCompile>
    <ClCompile Include="Shoes.cpp">
      <Filter>소스 파일</Filter>
    </ClCompile>
    <ClCompile Include="Sword.cpp">
      <Filter>소스 파일</Filter>
    </ClCompile>
    <ClCompile Include="Spell.cpp">
      <Filter>소스 파일</Filter>
    </ClCompile>
    <ClCompile Include="ARandomBox.cpp">
      <Filter>소스 파일</Filter>
    </ClCompile>
    <ClCompile Include="BRandomBox.cpp">
      <Filter>소스 파일</Filter>
    </ClCompile>
    <ClCompile Include="RandomBox.cpp">
      <Filter>소스 파일</Filter>
    </ClCompile>
    <ClCompile Include="GameManager.cpp">
      <Filter>소스 파일</Filter>
    </ClCompile>
  </ItemGroup>
  <ItemGroup>
    <ClInclude Include="Inventory.h">
      <Filter>헤더 파일</Filter>
    </ClInclude>
    <ClInclude Include="Item.h">
      <Filter>헤더 파일</Filter>
    </ClInclude>
    <ClInclude Include="Statistics.h">
      <Filter>헤더 파일</Filter>
    </ClInclude>
    <ClInclude Include="Money.h">
      <Filter>헤더 파일</Filter>
    </ClInclude>
    <ClInclude Include="Shop.h">
      <Filter>헤더 파일</Filter>
    </ClInclude>
    <ClInclude Include="ArmorSuit.h">
      <Filter>헤더 파일</Filter>
    </ClInclude>
    <ClInclude Include="HpPotion.h">
      <Filter>헤더 파일</Filter>
    </ClInclude>
    <ClInclude Include="MpPotion.h">
      <Filter>헤더 파일</Filter>
    </ClInclude>
    <ClInclude Include="Shoes.h">
      <Filter>헤더 파일</Filter>
    </ClInclude>
    <ClInclude Include="Sword.h">
      <Filter>헤더 파일</Filter>
    </ClInclude>
    <ClInclude Include="Spell.h">
      <Filter>헤더 파일</Filter>
    </ClInclude>
    <ClInclude Include="ARandomBox.h">
      <Filter>헤더 파일</Filter>
    </ClInclude>
    <ClInclude Include="BRandomBox.h">
      <Filter>헤더 파일</Filter>
    </ClInclude>
    <ClInclude Include="RandomBox.h">
      <Filter>헤더 파일</Filter>
    </ClInclude>
    <ClInclude Include="GameManager.h">
      <Filter>헤더 파일</Filter>
    </ClInclude>
  </ItemGroup>
</Project>